
Microsoft Visual Studio Solution File, Format Version 12.00
# Visual Studio Version 17
VisualStudioVersion = 17.5.33516.290
MinimumVisualStudioVersion = 10.0.40219.1
Project("{FAE04EC0-301F-11D3-BF4B-00C04F79EFBC}") = "NewFeaturesCSharp", "NewFeaturesCSharp.csproj", "{C82B82BE-D406-4938-88F5-DBD18892A812}"
EndProject
Global
	GlobalSection(SolutionConfigurationPlatforms) = preSolution
		Debug|Any CPU = Debug|Any CPU
		Release|Any CPU = Release|Any CPU
	EndGlobalSection
	GlobalSection(ProjectConfigurationPlatforms) = postSolution
		{C82B82BE-D406-4938-88F5-DBD18892A812}.Debug|Any CPU.ActiveCfg = Debug|Any CPU
		{C82B82BE-D406-4938-88F5-DBD18892A812}.Debug|Any CPU.Build.0 = Debug|Any CPU
		{C82B82BE-D406-4938-88F5-DBD18892A812}.Release|Any CPU.ActiveCfg = Release|Any CPU
		{C82B82BE-D406-4938-88F5-DBD18892A812}.Release|Any CPU.Build.0 = Release|Any CPU
	EndGlobalSection
	GlobalSection(SolutionProperties) = preSolution
		HideSolutionNode = FALSE
	EndGlobalSection
	GlobalSection(ExtensibilityGlobals) = postSolution
		SolutionGuid = {0F72C730-46F6-4787-9603-0FE2D7B4E57E}
	EndGlobalSection
EndGlobal
